
Microsoft Visual Studio Solution File, Format Version 12.00
# Visual Studio 14
VisualStudioVersion = 14.0.25420.1
MinimumVisualStudioVersion = 10.0.40219.1
Project("{FAE04EC0-301F-11D3-BF4B-00C04F79EFBC}") = "ArabicTextAnalyzer", "ArabicTextAnalyzer\ArabicTextAnalyzer.csproj", "{FA7C2570-1669-45DB-9B5B-31056379891A}"
EndProject
Project("{FAE04EC0-301F-11D3-BF4B-00C04F79EFBC}") = "ArabicTextAnalyzer.Business", "ArabicTextAnalyzer.Business\ArabicTextAnalyzer.Business.csproj", "{95E08859-199A-486A-88D5-6C1A5300F7D2}"
EndProject
Project("{FAE04EC0-301F-11D3-BF4B-00C04F79EFBC}") = "ArabicTextAnalyzer.Contracts", "ArabicTextAnalyzer.Contracts\ArabicTextAnalyzer.Contracts.csproj", "{EC49055F-5B9C-4B75-8859-F879865B3D34}"
EndProject
Project("{FAE04EC0-301F-11D3-BF4B-00C04F79EFBC}") = "ArabicTextAnalyzer.Domain", "ArabicTextAnalyzer.Domain\ArabicTextAnalyzer.Domain.csproj", "{F14CF097-10E2-4336-A27B-AB55903A0354}"
EndProject
Project("{FAE04EC0-301F-11D3-BF4B-00C04F79EFBC}") = "ArabicTextAnalyzerTests", "ArabicTextAnalyzerTests\ArabicTextAnalyzerTests.csproj", "{CBE6D408-DFEC-49B6-B225-38E7C69A5CE3}"
EndProject
Project("{FAE04EC0-301F-11D3-BF4B-00C04F79EFBC}") = "OADRJNLPCommon", "..\170215OADRJNLPMLDC\OADRJNLPCommon\OADRJNLPCommon\OADRJNLPCommon.csproj", "{5B4657A7-6ADD-4E83-965D-C5A8B7C9B321}"
EndProject
Project("{FAE04EC0-301F-11D3-BF4B-00C04F79EFBC}") = "ArabiziWebAPI", "ArabiziWebAPI\ArabiziWebAPI.csproj", "{19EF5661-1617-4379-9A39-E61AAEB4FBA7}"
EndProject
Project("{FAE04EC0-301F-11D3-BF4B-00C04F79EFBC}") = "ScrapyWeb", "..\170215OADRJNLPMLDC\ScrapyWeb\ScrapyWeb.csproj", "{B8E8B778-A1DB-4A27-883B-C2F9B7AAC842}"
EndProject
Global
	GlobalSection(SolutionConfigurationPlatforms) = preSolution
		Debug|Any CPU = Debug|Any CPU
		Release|Any CPU = Release|Any CPU
	EndGlobalSection
	GlobalSection(ProjectConfigurationPlatforms) = postSolution
		{FA7C2570-1669-45DB-9B5B-31056379891A}.Debug|Any CPU.ActiveCfg = Debug|Any CPU
		{FA7C2570-1669-45DB-9B5B-31056379891A}.Debug|Any CPU.Build.0 = Debug|Any CPU
		{FA7C2570-1669-45DB-9B5B-31056379891A}.Release|Any CPU.ActiveCfg = Release|Any CPU
		{FA7C2570-1669-45DB-9B5B-31056379891A}.Release|Any CPU.Build.0 = Release|Any CPU
		{95E08859-199A-486A-88D5-6C1A5300F7D2}.Debug|Any CPU.ActiveCfg = Debug|Any CPU
		{95E08859-199A-486A-88D5-6C1A5300F7D2}.Debug|Any CPU.Build.0 = Debug|Any CPU
		{95E08859-199A-486A-88D5-6C1A5300F7D2}.Release|Any CPU.ActiveCfg = Release|Any CPU
		{95E08859-199A-486A-88D5-6C1A5300F7D2}.Release|Any CPU.Build.0 = Release|Any CPU
		{EC49055F-5B9C-4B75-8859-F879865B3D34}.Debug|Any CPU.ActiveCfg = Debug|Any CPU
		{EC49055F-5B9C-4B75-8859-F879865B3D34}.Debug|Any CPU.Build.0 = Debug|Any CPU
		{EC49055F-5B9C-4B75-8859-F879865B3D34}.Release|Any CPU.ActiveCfg = Release|Any CPU
		{EC49055F-5B9C-4B75-8859-F879865B3D34}.Release|Any CPU.Build.0 = Release|Any CPU
		{F14CF097-10E2-4336-A27B-AB55903A0354}.Debug|Any CPU.ActiveCfg = Debug|Any CPU
		{F14CF097-10E2-4336-A27B-AB55903A0354}.Debug|Any CPU.Build.0 = Debug|Any CPU
		{F14CF097-10E2-4336-A27B-AB55903A0354}.Release|Any CPU.ActiveCfg = Release|Any CPU
		{F14CF097-10E2-4336-A27B-AB55903A0354}.Release|Any CPU.Build.0 = Release|Any CPU
		{CBE6D408-DFEC-49B6-B225-38E7C69A5CE3}.Debug|Any CPU.ActiveCfg = Debug|Any CPU
		{CBE6D408-DFEC-49B6-B225-38E7C69A5CE3}.Debug|Any CPU.Build.0 = Debug|Any CPU
		{CBE6D408-DFEC-49B6-B225-38E7C69A5CE3}.Release|Any CPU.ActiveCfg = Release|Any CPU
		{CBE6D408-DFEC-49B6-B225-38E7C69A5CE3}.Release|Any CPU.Build.0 = Release|Any CPU
		{5B4657A7-6ADD-4E83-965D-C5A8B7C9B321}.Debug|Any CPU.ActiveCfg = Debug|Any CPU
		{5B4657A7-6ADD-4E83-965D-C5A8B7C9B321}.Debug|Any CPU.Build.0 = Debug|Any CPU
		{5B4657A7-6ADD-4E83-965D-C5A8B7C9B321}.Release|Any CPU.ActiveCfg = Release|Any CPU
		{5B4657A7-6ADD-4E83-965D-C5A8B7C9B321}.Release|Any CPU.Build.0 = Release|Any CPU
		{19EF5661-1617-4379-9A39-E61AAEB4FBA7}.Debug|Any CPU.ActiveCfg = Debug|Any CPU
		{19EF5661-1617-4379-9A39-E61AAEB4FBA7}.Debug|Any CPU.Build.0 = Debug|Any CPU
		{19EF5661-1617-4379-9A39-E61AAEB4FBA7}.Release|Any CPU.ActiveCfg = Release|Any CPU
		{19EF5661-1617-4379-9A39-E61AAEB4FBA7}.Release|Any CPU.Build.0 = Release|Any CPU
		{B8E8B778-A1DB-4A27-883B-C2F9B7AAC842}.Debug|Any CPU.ActiveCfg = Debug|Any CPU
		{B8E8B778-A1DB-4A27-883B-C2F9B7AAC842}.Debug|Any CPU.Build.0 = Debug|Any CPU
		{B8E8B778-A1DB-4A27-883B-C2F9B7AAC842}.Release|Any CPU.ActiveCfg = Release|Any CPU
		{B8E8B778-A1DB-4A27-883B-C2F9B7AAC842}.Release|Any CPU.Build.0 = Release|Any CPU
	EndGlobalSection
	GlobalSection(SolutionProperties) = preSolution
		HideSolutionNode = FALSE
	EndGlobalSection
EndGlobal
